// !$*UTF8*$!
{
	archiveVersion = 1;
	classes = {
	};
	objectVersion = 50;
	objects = {

/* Begin PBXBuildFile section */
		36B2D431FC50F0292584EE8D /* Pods_STUDI.framework in Frameworks */ = {isa = PBXBuildFile; fileRef = 4C0C2BBA0255E2313430DD73 /* Pods_STUDI.framework */; };
		9EDDD6BCC10E0BFA6D47E8C8 /* Pods_STUDIUITests.framework in Frameworks */ = {isa = PBXBuildFile; fileRef = A315ECCCCC05B9E58C195FFA /* Pods_STUDIUITests.framework */; };
		A84D2F2EE4A9B1A677A04F10 /* Pods_STUDITests.framework in Frameworks */ = {isa = PBXBuildFile; fileRef = 9BBE83D2E1C5EF2B6EA1D7BE /* Pods_STUDITests.framework */; };
		B018601823727AC600911C58 /* usernamechangeViewController.swift in Sources */ = {isa = PBXBuildFile; fileRef = B018601723727AC600911C58 /* usernamechangeViewController.swift */; };
		B018601A23727E0C00911C58 /* answerspostViewController.swift in Sources */ = {isa = PBXBuildFile; fileRef = B018601923727E0C00911C58 /* answerspostViewController.swift */; };
		B018601E2372C1DA00911C58 /* ProfileViewController.swift in Sources */ = {isa = PBXBuildFile; fileRef = B018601D2372C1DA00911C58 /* ProfileViewController.swift */; };
		B01860202372C28200911C58 /* sturct.swift in Sources */ = {isa = PBXBuildFile; fileRef = B018601F2372C28200911C58 /* sturct.swift */; };
		B01ECFAC23713E6E00E81803 /* ForumTableViewCell.swift in Sources */ = {isa = PBXBuildFile; fileRef = B01ECFAB23713E6E00E81803 /* ForumTableViewCell.swift */; };
		B0F9A60323715BA500241DAE /* PostViewController.swift in Sources */ = {isa = PBXBuildFile; fileRef = B0F9A60223715BA500241DAE /* PostViewController.swift */; };
		B0F9A60D237171C300241DAE /* AnswerViewController.swift in Sources */ = {isa = PBXBuildFile; fileRef = B0F9A60C237171C300241DAE /* AnswerViewController.swift */; };
		FD0AA3E123706FDF00776293 /* PostSegueViewController.swift in Sources */ = {isa = PBXBuildFile; fileRef = FD0AA3E023706FDF00776293 /* PostSegueViewController.swift */; };
		FD1556B8236FD20900BD9192 /* PicturePen.png in Resources */ = {isa = PBXBuildFile; fileRef = FD1556B7236FD20800BD9192 /* PicturePen.png */; };
		FD429863236A8AEC007D7469 /* GoogleService-Info.plist in Resources */ = {isa = PBXBuildFile; fileRef = FD429862236A8AEC007D7469 /* GoogleService-Info.plist */; };
		FD5C9B02236A7CEE00B6F77B /* AppDelegate.swift in Sources */ = {isa = PBXBuildFile; fileRef = FD5C9B01236A7CEE00B6F77B /* AppDelegate.swift */; };
		FD5C9B04236A7CEE00B6F77B /* SceneDelegate.swift in Sources */ = {isa = PBXBuildFile; fileRef = FD5C9B03236A7CEE00B6F77B /* SceneDelegate.swift */; };
		FD5C9B06236A7CEE00B6F77B /* SignUpViewController.swift in Sources */ = {isa = PBXBuildFile; fileRef = FD5C9B05236A7CEE00B6F77B /* SignUpViewController.swift */; };
		FD5C9B09236A7CEE00B6F77B /* Main.storyboard in Resources */ = {isa = PBXBuildFile; fileRef = FD5C9B07236A7CEE00B6F77B /* Main.storyboard */; };
		FD5C9B0B236A7CF300B6F77B /* Assets.xcassets in Resources */ = {isa = PBXBuildFile; fileRef = FD5C9B0A236A7CF300B6F77B /* Assets.xcassets */; };
		FD5C9B0E236A7CF300B6F77B /* LaunchScreen.storyboard in Resources */ = {isa = PBXBuildFile; fileRef = FD5C9B0C236A7CF300B6F77B /* LaunchScreen.storyboard */; };
		FD5C9B19236A7CF300B6F77B /* STUDITests.swift in Sources */ = {isa = PBXBuildFile; fileRef = FD5C9B18236A7CF300B6F77B /* STUDITests.swift */; };
		FD5C9B24236A7CF300B6F77B /* STUDIUITests.swift in Sources */ = {isa = PBXBuildFile; fileRef = FD5C9B23236A7CF300B6F77B /* STUDIUITests.swift */; };
		FD7A07B0236F3C6100E5E778 /* Utilities.swift in Sources */ = {isa = PBXBuildFile; fileRef = FD7A07AF236F3C6100E5E778 /* Utilities.swift */; };
		FD875B9E236F28C800103AA6 /* BeginViewController.swift in Sources */ = {isa = PBXBuildFile; fileRef = FD875B9D236F28C800103AA6 /* BeginViewController.swift */; };
		FD875BA2236F296300103AA6 /* LoginViewController.swift in Sources */ = {isa = PBXBuildFile; fileRef = FD875BA1236F296300103AA6 /* LoginViewController.swift */; };
		FDDCD31A2371655800C2F669 /* MoreHelpViewController.swift in Sources */ = {isa = PBXBuildFile; fileRef = FDDCD3192371655800C2F669 /* MoreHelpViewController.swift */; };
		FDE2131F236D3A1A005B3B92 /* ForumViewController.swift in Sources */ = {isa = PBXBuildFile; fileRef = FDE2131E236D3A1A005B3B92 /* ForumViewController.swift */; };
		FDE21323236D3A74005B3B92 /* NotificationsViewController.swift in Sources */ = {isa = PBXBuildFile; fileRef = FDE21322236D3A74005B3B92 /* NotificationsViewController.swift */; };
		FDE21325236D3A9F005B3B92 /* HelpViewController.swift in Sources */ = {isa = PBXBuildFile; fileRef = FDE21324236D3A9F005B3B92 /* HelpViewController.swift */; };
		FDE268E5237022D000D36EB0 /* HelpTableViewCell.swift in Sources */ = {isa = PBXBuildFile; fileRef = FDE268E4237022D000D36EB0 /* HelpTableViewCell.swift */; };
/* End PBXBuildFile section */

/* Begin PBXContainerItemProxy section */
		FD5C9B15236A7CF300B6F77B /* PBXContainerItemProxy */ = {
			isa = PBXContainerItemProxy;
			containerPortal = FD5C9AF6236A7CEE00B6F77B /* Project object */;
			proxyType = 1;
			remoteGlobalIDString = FD5C9AFD236A7CEE00B6F77B;
			remoteInfo = STUDI;
		};
		FD5C9B20236A7CF300B6F77B /* PBXContainerItemProxy */ = {
			isa = PBXContainerItemProxy;
			containerPortal = FD5C9AF6236A7CEE00B6F77B /* Project object */;
			proxyType = 1;
			remoteGlobalIDString = FD5C9AFD236A7CEE00B6F77B;
			remoteInfo = STUDI;
		};
/* End PBXContainerItemProxy section */

/* Begin PBXFileReference section */
		22DBB29192831040A29EAF48 /* Pods-STUDI.debug.xcconfig */ = {isa = PBXFileReference; includeInIndex = 1; lastKnownFileType = text.xcconfig; name = "Pods-STUDI.debug.xcconfig"; path = "Pods/Target Support Files/Pods-STUDI/Pods-STUDI.debug.xcconfig"; sourceTree = "<group>"; };
		28EE480129304CDC5ECC28EC /* Pods-STUDIUITests.release.xcconfig */ = {isa = PBXFileReference; includeInIndex = 1; lastKnownFileType = text.xcconfig; name = "Pods-STUDIUITests.release.xcconfig"; path = "Pods/Target Support Files/Pods-STUDIUITests/Pods-STUDIUITests.release.xcconfig"; sourceTree = "<group>"; };
		4BD6AD7840FF44773A963C76 /* Pods-STUDITests.release.xcconfig */ = {isa = PBXFileReference; includeInIndex = 1; lastKnownFileType = text.xcconfig; name = "Pods-STUDITests.release.xcconfig"; path = "Pods/Target Support Files/Pods-STUDITests/Pods-STUDITests.release.xcconfig"; sourceTree = "<group>"; };
		4C0C2BBA0255E2313430DD73 /* Pods_STUDI.framework */ = {isa = PBXFileReference; explicitFileType = wrapper.framework; includeInIndex = 0; path = Pods_STUDI.framework; sourceTree = BUILT_PRODUCTS_DIR; };
		60BF674CB912FDA577EC7969 /* Pods-STUDI.release.xcconfig */ = {isa = PBXFileReference; includeInIndex = 1; lastKnownFileType = text.xcconfig; name = "Pods-STUDI.release.xcconfig"; path = "Pods/Target Support Files/Pods-STUDI/Pods-STUDI.release.xcconfig"; sourceTree = "<group>"; };
		69EF30184848C9FDDEBFDE46 /* Pods-STUDITests.debug.xcconfig */ = {isa = PBXFileReference; includeInIndex = 1; lastKnownFileType = text.xcconfig; name = "Pods-STUDITests.debug.xcconfig"; path = "Pods/Target Support Files/Pods-STUDITests/Pods-STUDITests.debug.xcconfig"; sourceTree = "<group>"; };
		902AB313A48A6886DD7273D8 /* Pods-STUDIUITests.debug.xcconfig */ = {isa = PBXFileReference; includeInIndex = 1; lastKnownFileType = text.xcconfig; name = "Pods-STUDIUITests.debug.xcconfig"; path = "Pods/Target Support Files/Pods-STUDIUITests/Pods-STUDIUITests.debug.xcconfig"; sourceTree = "<group>"; };
		9BBE83D2E1C5EF2B6EA1D7BE /* Pods_STUDITests.framework */ = {isa = PBXFileReference; explicitFileType = wrapper.framework; includeInIndex = 0; path = Pods_STUDITests.framework; sourceTree = BUILT_PRODUCTS_DIR; };
		A315ECCCCC05B9E58C195FFA /* Pods_STUDIUITests.framework */ = {isa = PBXFileReference; explicitFileType = wrapper.framework; includeInIndex = 0; path = Pods_STUDIUITests.framework; sourceTree = BUILT_PRODUCTS_DIR; };
		B018601723727AC600911C58 /* usernamechangeViewController.swift */ = {isa = PBXFileReference; lastKnownFileType = sourcecode.swift; path = usernamechangeViewController.swift; sourceTree = "<group>"; };
		B018601923727E0C00911C58 /* answerspostViewController.swift */ = {isa = PBXFileReference; lastKnownFileType = sourcecode.swift; path = answerspostViewController.swift; sourceTree = "<group>"; };
		B018601D2372C1DA00911C58 /* ProfileViewController.swift */ = {isa = PBXFileReference; fileEncoding = 4; lastKnownFileType = sourcecode.swift; path = ProfileViewController.swift; sourceTree = "<group>"; };
		B018601F2372C28200911C58 /* sturct.swift */ = {isa = PBXFileReference; lastKnownFileType = sourcecode.swift; path = sturct.swift; sourceTree = "<group>"; };
		B01ECFAB23713E6E00E81803 /* ForumTableViewCell.swift */ = {isa = PBXFileReference; lastKnownFileType = sourcecode.swift; path = ForumTableViewCell.swift; sourceTree = "<group>"; };
		B0F9A60223715BA500241DAE /* PostViewController.swift */ = {isa = PBXFileReference; lastKnownFileType = sourcecode.swift; path = PostViewController.swift; sourceTree = "<group>"; };
		B0F9A60C237171C300241DAE /* AnswerViewController.swift */ = {isa = PBXFileReference; lastKnownFileType = sourcecode.swift; path = AnswerViewController.swift; sourceTree = "<group>"; };
		FD0AA3E023706FDF00776293 /* PostSegueViewController.swift */ = {isa = PBXFileReference; lastKnownFileType = sourcecode.swift; path = PostSegueViewController.swift; sourceTree = "<group>"; };
		FD1556B7236FD20800BD9192 /* PicturePen.png */ = {isa = PBXFileReference; lastKnownFileType = image.png; path = PicturePen.png; sourceTree = "<group>"; };
		FD429862236A8AEC007D7469 /* GoogleService-Info.plist */ = {isa = PBXFileReference; fileEncoding = 4; lastKnownFileType = text.plist.xml; path = "GoogleService-Info.plist"; sourceTree = "<group>"; };
		FD5C9AFE236A7CEE00B6F77B /* STUDI.app */ = {isa = PBXFileReference; explicitFileType = wrapper.application; includeInIndex = 0; path = STUDI.app; sourceTree = BUILT_PRODUCTS_DIR; };
		FD5C9B01236A7CEE00B6F77B /* AppDelegate.swift */ = {isa = PBXFileReference; lastKnownFileType = sourcecode.swift; path = AppDelegate.swift; sourceTree = "<group>"; };
		FD5C9B03236A7CEE00B6F77B /* SceneDelegate.swift */ = {isa = PBXFileReference; lastKnownFileType = sourcecode.swift; path = SceneDelegate.swift; sourceTree = "<group>"; };
		FD5C9B05236A7CEE00B6F77B /* SignUpViewController.swift */ = {isa = PBXFileReference; lastKnownFileType = sourcecode.swift; path = SignUpViewController.swift; sourceTree = "<group>"; };
		FD5C9B08236A7CEE00B6F77B /* Base */ = {isa = PBXFileReference; lastKnownFileType = file.storyboard; name = Base; path = Base.lproj/Main.storyboard; sourceTree = "<group>"; };
		FD5C9B0A236A7CF300B6F77B /* Assets.xcassets */ = {isa = PBXFileReference; lastKnownFileType = folder.assetcatalog; path = Assets.xcassets; sourceTree = "<group>"; };
		FD5C9B0D236A7CF300B6F77B /* Base */ = {isa = PBXFileReference; lastKnownFileType = file.storyboard; name = Base; path = Base.lproj/LaunchScreen.storyboard; sourceTree = "<group>"; };
		FD5C9B0F236A7CF300B6F77B /* Info.plist */ = {isa = PBXFileReference; lastKnownFileType = text.plist.xml; path = Info.plist; sourceTree = "<group>"; };
		FD5C9B14236A7CF300B6F77B /* STUDITests.xctest */ = {isa = PBXFileReference; explicitFileType = wrapper.cfbundle; includeInIndex = 0; path = STUDITests.xctest; sourceTree = BUILT_PRODUCTS_DIR; };
		FD5C9B18236A7CF300B6F77B /* STUDITests.swift */ = {isa = PBXFileReference; lastKnownFileType = sourcecode.swift; path = STUDITests.swift; sourceTree = "<group>"; };
		FD5C9B1A236A7CF300B6F77B /* Info.plist */ = {isa = PBXFileReference; lastKnownFileType = text.plist.xml; path = Info.plist; sourceTree = "<group>"; };
		FD5C9B1F236A7CF300B6F77B /* STUDIUITests.xctest */ = {isa = PBXFileReference; explicitFileType = wrapper.cfbundle; includeInIndex = 0; path = STUDIUITests.xctest; sourceTree = BUILT_PRODUCTS_DIR; };
		FD5C9B23236A7CF300B6F77B /* STUDIUITests.swift */ = {isa = PBXFileReference; lastKnownFileType = sourcecode.swift; path = STUDIUITests.swift; sourceTree = "<group>"; };
		FD5C9B25236A7CF300B6F77B /* Info.plist */ = {isa = PBXFileReference; lastKnownFileType = text.plist.xml; path = Info.plist; sourceTree = "<group>"; };
		FD7A07AF236F3C6100E5E778 /* Utilities.swift */ = {isa = PBXFileReference; fileEncoding = 4; lastKnownFileType = sourcecode.swift; path = Utilities.swift; sourceTree = "<group>"; };
		FD875B9D236F28C800103AA6 /* BeginViewController.swift */ = {isa = PBXFileReference; lastKnownFileType = sourcecode.swift; path = BeginViewController.swift; sourceTree = "<group>"; };
		FD875BA1236F296300103AA6 /* LoginViewController.swift */ = {isa = PBXFileReference; lastKnownFileType = sourcecode.swift; path = LoginViewController.swift; sourceTree = "<group>"; };
		FDDCD3192371655800C2F669 /* MoreHelpViewController.swift */ = {isa = PBXFileReference; lastKnownFileType = sourcecode.swift; path = MoreHelpViewController.swift; sourceTree = "<group>"; };
		FDE2131E236D3A1A005B3B92 /* ForumViewController.swift */ = {isa = PBXFileReference; lastKnownFileType = sourcecode.swift; path = ForumViewController.swift; sourceTree = "<group>"; };
		FDE21322236D3A74005B3B92 /* NotificationsViewController.swift */ = {isa = PBXFileReference; lastKnownFileType = sourcecode.swift; path = NotificationsViewController.swift; sourceTree = "<group>"; };
		FDE21324236D3A9F005B3B92 /* HelpViewController.swift */ = {isa = PBXFileReference; lastKnownFileType = sourcecode.swift; path = HelpViewController.swift; sourceTree = "<group>"; };
		FDE268E4237022D000D36EB0 /* HelpTableViewCell.swift */ = {isa = PBXFileReference; lastKnownFileType = sourcecode.swift; path = HelpTableViewCell.swift; sourceTree = "<group>"; };
/* End PBXFileReference section */

/* Begin PBXFrameworksBuildPhase section */
		FD5C9AFB236A7CEE00B6F77B /* Frameworks */ = {
			isa = PBXFrameworksBuildPhase;
			buildActionMask = 2147483647;
			files = (
				36B2D431FC50F0292584EE8D /* Pods_STUDI.framework in Frameworks */,
			);
			runOnlyForDeploymentPostprocessing = 0;
		};
		FD5C9B11236A7CF300B6F77B /* Frameworks */ = {
			isa = PBXFrameworksBuildPhase;
			buildActionMask = 2147483647;
			files = (
				A84D2F2EE4A9B1A677A04F10 /* Pods_STUDITests.framework in Frameworks */,
			);
			runOnlyForDeploymentPostprocessing = 0;
		};
		FD5C9B1C236A7CF300B6F77B /* Frameworks */ = {
			isa = PBXFrameworksBuildPhase;
			buildActionMask = 2147483647;
			files = (
				9EDDD6BCC10E0BFA6D47E8C8 /* Pods_STUDIUITests.framework in Frameworks */,
			);
			runOnlyForDeploymentPostprocessing = 0;
		};
/* End PBXFrameworksBuildPhase section */

/* Begin PBXGroup section */
		9477BD8D27773AA3DF1336DA /* Pods */ = {
			isa = PBXGroup;
			children = (
				22DBB29192831040A29EAF48 /* Pods-STUDI.debug.xcconfig */,
				60BF674CB912FDA577EC7969 /* Pods-STUDI.release.xcconfig */,
				69EF30184848C9FDDEBFDE46 /* Pods-STUDITests.debug.xcconfig */,
				4BD6AD7840FF44773A963C76 /* Pods-STUDITests.release.xcconfig */,
				902AB313A48A6886DD7273D8 /* Pods-STUDIUITests.debug.xcconfig */,
				28EE480129304CDC5ECC28EC /* Pods-STUDIUITests.release.xcconfig */,
			);
			name = Pods;
			sourceTree = "<group>";
		};
		9F71485914888AF098934DE1 /* Frameworks */ = {
			isa = PBXGroup;
			children = (
				4C0C2BBA0255E2313430DD73 /* Pods_STUDI.framework */,
				9BBE83D2E1C5EF2B6EA1D7BE /* Pods_STUDITests.framework */,
				A315ECCCCC05B9E58C195FFA /* Pods_STUDIUITests.framework */,
			);
			name = Frameworks;
			sourceTree = "<group>";
		};
		FD5C9AF5236A7CEE00B6F77B = {
			isa = PBXGroup;
			children = (
				FD5C9B00236A7CEE00B6F77B /* STUDI */,
				FD5C9B17236A7CF300B6F77B /* STUDITests */,
				FD5C9B22236A7CF300B6F77B /* STUDIUITests */,
				FD5C9AFF236A7CEE00B6F77B /* Products */,
				9477BD8D27773AA3DF1336DA /* Pods */,
				9F71485914888AF098934DE1 /* Frameworks */,
			);
			sourceTree = "<group>";
		};
		FD5C9AFF236A7CEE00B6F77B /* Products */ = {
			isa = PBXGroup;
			children = (
				FD5C9AFE236A7CEE00B6F77B /* STUDI.app */,
				FD5C9B14236A7CF300B6F77B /* STUDITests.xctest */,
				FD5C9B1F236A7CF300B6F77B /* STUDIUITests.xctest */,
			);
			name = Products;
			sourceTree = "<group>";
		};
		FD5C9B00236A7CEE00B6F77B /* STUDI */ = {
			isa = PBXGroup;
			children = (
				FD5C9B01236A7CEE00B6F77B /* AppDelegate.swift */,
				FD5C9B03236A7CEE00B6F77B /* SceneDelegate.swift */,
				FD7A07AF236F3C6100E5E778 /* Utilities.swift */,
				FD5C9B07236A7CEE00B6F77B /* Main.storyboard */,
				FD875B9C236F279B00103AA6 /* View Controllers */,
				FD429862236A8AEC007D7469 /* GoogleService-Info.plist */,
				FD5C9B0A236A7CF300B6F77B /* Assets.xcassets */,
				FD1556B7236FD20800BD9192 /* PicturePen.png */,
				FD5C9B0C236A7CF300B6F77B /* LaunchScreen.storyboard */,
				FD5C9B0F236A7CF300B6F77B /* Info.plist */,
			);
			path = STUDI;
			sourceTree = "<group>";
		};
		FD5C9B17236A7CF300B6F77B /* STUDITests */ = {
			isa = PBXGroup;
			children = (
				FD5C9B18236A7CF300B6F77B /* STUDITests.swift */,
				FD5C9B1A236A7CF300B6F77B /* Info.plist */,
			);
			path = STUDITests;
			sourceTree = "<group>";
		};
		FD5C9B22236A7CF300B6F77B /* STUDIUITests */ = {
			isa = PBXGroup;
			children = (
				FD5C9B23236A7CF300B6F77B /* STUDIUITests.swift */,
				FD5C9B25236A7CF300B6F77B /* Info.plist */,
			);
			path = STUDIUITests;
			sourceTree = "<group>";
		};
		FD875B9C236F279B00103AA6 /* View Controllers */ = {
			isa = PBXGroup;
			children = (
				B018601D2372C1DA00911C58 /* ProfileViewController.swift */,
				B01ECFAB23713E6E00E81803 /* ForumTableViewCell.swift */,
				FDDCD3192371655800C2F669 /* MoreHelpViewController.swift */,
				FDE21324236D3A9F005B3B92 /* HelpViewController.swift */,
				B018601723727AC600911C58 /* usernamechangeViewController.swift */,
				B018601923727E0C00911C58 /* answerspostViewController.swift */,
				FDE268E4237022D000D36EB0 /* HelpTableViewCell.swift */,
				FD0AA3E023706FDF00776293 /* PostSegueViewController.swift */,
				FD875B9D236F28C800103AA6 /* BeginViewController.swift */,
				FD5C9B05236A7CEE00B6F77B /* SignUpViewController.swift */,
				FD875BA1236F296300103AA6 /* LoginViewController.swift */,
				FDE21322236D3A74005B3B92 /* NotificationsViewController.swift */,
				FDE2131E236D3A1A005B3B92 /* ForumViewController.swift */,
				B0F9A60223715BA500241DAE /* PostViewController.swift */,
				B0F9A60C237171C300241DAE /* AnswerViewController.swift */,
				B018601F2372C28200911C58 /* sturct.swift */,
			);
			path = "View Controllers";
			sourceTree = "<group>";
		};
/* End PBXGroup section */

/* Begin PBXNativeTarget section */
		FD5C9AFD236A7CEE00B6F77B /* STUDI */ = {
			isa = PBXNativeTarget;
			buildConfigurationList = FD5C9B28236A7CF300B6F77B /* Build configuration list for PBXNativeTarget "STUDI" */;
			buildPhases = (
				BCF2F6BAAE61BA023A48227F /* [CP] Check Pods Manifest.lock */,
				FD5C9AFA236A7CEE00B6F77B /* Sources */,
				FD5C9AFB236A7CEE00B6F77B /* Frameworks */,
				FD5C9AFC236A7CEE00B6F77B /* Resources */,
				370C592E74BF696BD2499869 /* [CP] Embed Pods Frameworks */,
				116E7108F53BA4A7C2864B51 /* [CP] Copy Pods Resources */,
			);
			buildRules = (
			);
			dependencies = (
			);
			name = STUDI;
			productName = STUDI;
			productReference = FD5C9AFE236A7CEE00B6F77B /* STUDI.app */;
			productType = "com.apple.product-type.application";
		};
		FD5C9B13236A7CF300B6F77B /* STUDITests */ = {
			isa = PBXNativeTarget;
			buildConfigurationList = FD5C9B2B236A7CF300B6F77B /* Build configuration list for PBXNativeTarget "STUDITests" */;
			buildPhases = (
				CCC418636297444580C28663 /* [CP] Check Pods Manifest.lock */,
				FD5C9B10236A7CF300B6F77B /* Sources */,
				FD5C9B11236A7CF300B6F77B /* Frameworks */,
				FD5C9B12236A7CF300B6F77B /* Resources */,
			);
			buildRules = (
			);
			dependencies = (
				FD5C9B16236A7CF300B6F77B /* PBXTargetDependency */,
			);
			name = STUDITests;
			productName = STUDITests;
			productReference = FD5C9B14236A7CF300B6F77B /* STUDITests.xctest */;
			productType = "com.apple.product-type.bundle.unit-test";
		};
		FD5C9B1E236A7CF300B6F77B /* STUDIUITests */ = {
			isa = PBXNativeTarget;
			buildConfigurationList = FD5C9B2E236A7CF300B6F77B /* Build configuration list for PBXNativeTarget "STUDIUITests" */;
			buildPhases = (
				95DC8C302ED9C5F277A2DF01 /* [CP] Check Pods Manifest.lock */,
				FD5C9B1B236A7CF300B6F77B /* Sources */,
				FD5C9B1C236A7CF300B6F77B /* Frameworks */,
				FD5C9B1D236A7CF300B6F77B /* Resources */,
			);
			buildRules = (
			);
			dependencies = (
				FD5C9B21236A7CF300B6F77B /* PBXTargetDependency */,
			);
			name = STUDIUITests;
			productName = STUDIUITests;
			productReference = FD5C9B1F236A7CF300B6F77B /* STUDIUITests.xctest */;
			productType = "com.apple.product-type.bundle.ui-testing";
		};
/* End PBXNativeTarget section */

/* Begin PBXProject section */
		FD5C9AF6236A7CEE00B6F77B /* Project object */ = {
			isa = PBXProject;
			attributes = {
				LastSwiftUpdateCheck = 1110;
				LastUpgradeCheck = 1110;
				ORGANIZATIONNAME = "Mohamed Niyaz";
				TargetAttributes = {
					FD5C9AFD236A7CEE00B6F77B = {
						CreatedOnToolsVersion = 11.1;
					};
					FD5C9B13236A7CF300B6F77B = {
						CreatedOnToolsVersion = 11.1;
						TestTargetID = FD5C9AFD236A7CEE00B6F77B;
					};
					FD5C9B1E236A7CF300B6F77B = {
						CreatedOnToolsVersion = 11.1;
						TestTargetID = FD5C9AFD236A7CEE00B6F77B;
					};
				};
			};
			buildConfigurationList = FD5C9AF9236A7CEE00B6F77B /* Build configuration list for PBXProject "STUDI" */;
			compatibilityVersion = "Xcode 9.3";
			developmentRegion = en;
			hasScannedForEncodings = 0;
			knownRegions = (
				en,
				Base,
			);
			mainGroup = FD5C9AF5236A7CEE00B6F77B;
			productRefGroup = FD5C9AFF236A7CEE00B6F77B /* Products */;
			projectDirPath = "";
			projectRoot = "";
			targets = (
				FD5C9AFD236A7CEE00B6F77B /* STUDI */,
				FD5C9B13236A7CF300B6F77B /* STUDITests */,
				FD5C9B1E236A7CF300B6F77B /* STUDIUITests */,
			);
		};
/* End PBXProject section */

/* Begin PBXResourcesBuildPhase section */
		FD5C9AFC236A7CEE00B6F77B /* Resources */ = {
			isa = PBXResourcesBuildPhase;
			buildActionMask = 2147483647;
			files = (
				FD5C9B0E236A7CF300B6F77B /* LaunchScreen.storyboard in Resources */,
				FD1556B8236FD20900BD9192 /* PicturePen.png in Resources */,
				FD429863236A8AEC007D7469 /* GoogleService-Info.plist in Resources */,
				FD5C9B0B236A7CF300B6F77B /* Assets.xcassets in Resources */,
				FD5C9B09236A7CEE00B6F77B /* Main.storyboard in Resources */,
			);
			runOnlyForDeploymentPostprocessing = 0;
		};
		FD5C9B12236A7CF300B6F77B /* Resources */ = {
			isa = PBXResourcesBuildPhase;
			buildActionMask = 2147483647;
			files = (
			);
			runOnlyForDeploymentPostprocessing = 0;
		};
		FD5C9B1D236A7CF300B6F77B /* Resources */ = {
			isa = PBXResourcesBuildPhase;
			buildActionMask = 2147483647;
			files = (
			);
			runOnlyForDeploymentPostprocessing = 0;
		};
/* End PBXResourcesBuildPhase section */

/* Begin PBXShellScriptBuildPhase section */
		116E7108F53BA4A7C2864B51 /* [CP] Copy Pods Resources */ = {
			isa = PBXShellScriptBuildPhase;
			buildActionMask = 2147483647;
			files = (
			);
			inputPaths = (
				"${SRCROOT}/Pods/Target Support Files/Pods-STUDI/Pods-STUDI-resources.sh",
				"${PODS_ROOT}/GoogleSignIn/Resources/GoogleSignIn.bundle",
			);
			name = "[CP] Copy Pods Resources";
			outputPaths = (
				"${TARGET_BUILD_DIR}/${UNLOCALIZED_RESOURCES_FOLDER_PATH}/GoogleSignIn.bundle",
			);
			runOnlyForDeploymentPostprocessing = 0;
			shellPath = /bin/sh;
			shellScript = "\"${SRCROOT}/Pods/Target Support Files/Pods-STUDI/Pods-STUDI-resources.sh\"\n";
			showEnvVarsInLog = 0;
		};
		370C592E74BF696BD2499869 /* [CP] Embed Pods Frameworks */ = {
			isa = PBXShellScriptBuildPhase;
			buildActionMask = 2147483647;
			files = (
			);
			inputPaths = (
				"${SRCROOT}/Pods/Target Support Files/Pods-STUDI/Pods-STUDI-frameworks.sh",
				"${BUILT_PRODUCTS_DIR}/AppAuth/AppAuth.framework",
				"${BUILT_PRODUCTS_DIR}/GTMAppAuth/GTMAppAuth.framework",
				"${BUILT_PRODUCTS_DIR}/GTMSessionFetcher/GTMSessionFetcher.framework",
				"${BUILT_PRODUCTS_DIR}/GoogleUtilities/GoogleUtilities.framework",
				"${BUILT_PRODUCTS_DIR}/leveldb-library/leveldb.framework",
				"${BUILT_PRODUCTS_DIR}/nanopb/nanopb.framework",
			);
			name = "[CP] Embed Pods Frameworks";
			outputPaths = (
				"${TARGET_BUILD_DIR}/${FRAMEWORKS_FOLDER_PATH}/AppAuth.framework",
				"${TARGET_BUILD_DIR}/${FRAMEWORKS_FOLDER_PATH}/GTMAppAuth.framework",
				"${TARGET_BUILD_DIR}/${FRAMEWORKS_FOLDER_PATH}/GTMSessionFetcher.framework",
				"${TARGET_BUILD_DIR}/${FRAMEWORKS_FOLDER_PATH}/GoogleUtilities.framework",
				"${TARGET_BUILD_DIR}/${FRAMEWORKS_FOLDER_PATH}/leveldb.framework",
				"${TARGET_BUILD_DIR}/${FRAMEWORKS_FOLDER_PATH}/nanopb.framework",
			);
			runOnlyForDeploymentPostprocessing = 0;
			shellPath = /bin/sh;
			shellScript = "\"${SRCROOT}/Pods/Target Support Files/Pods-STUDI/Pods-STUDI-frameworks.sh\"\n";
			showEnvVarsInLog = 0;
		};
		95DC8C302ED9C5F277A2DF01 /* [CP] Check Pods Manifest.lock */ = {
			isa = PBXShellScriptBuildPhase;
			buildActionMask = 2147483647;
			files = (
			);
			inputPaths = (
				"${PODS_PODFILE_DIR_PATH}/Podfile.lock",
				"${PODS_ROOT}/Manifest.lock",
			);
			name = "[CP] Check Pods Manifest.lock";
			outputPaths = (
				"$(DERIVED_FILE_DIR)/Pods-STUDIUITests-checkManifestLockResult.txt",
			);
			runOnlyForDeploymentPostprocessing = 0;
			shellPath = /bin/sh;
			shellScript = "diff \"${PODS_PODFILE_DIR_PATH}/Podfile.lock\" \"${PODS_ROOT}/Manifest.lock\" > /dev/null\nif [ $? != 0 ] ; then\n    # print error to STDERR\n    echo \"error: The sandbox is not in sync with the Podfile.lock. Run 'pod install' or update your CocoaPods installation.\" >&2\n    exit 1\nfi\n# This output is used by Xcode 'outputs' to avoid re-running this script phase.\necho \"SUCCESS\" > \"${SCRIPT_OUTPUT_FILE_0}\"\n";
			showEnvVarsInLog = 0;
		};
		BCF2F6BAAE61BA023A48227F /* [CP] Check Pods Manifest.lock */ = {
			isa = PBXShellScriptBuildPhase;
			buildActionMask = 2147483647;
			files = (
			);
			inputPaths = (
				"${PODS_PODFILE_DIR_PATH}/Podfile.lock",
				"${PODS_ROOT}/Manifest.lock",
			);
			name = "[CP] Check Pods Manifest.lock";
			outputPaths = (
				"$(DERIVED_FILE_DIR)/Pods-STUDI-checkManifestLockResult.txt",
			);
			runOnlyForDeploymentPostprocessing = 0;
			shellPath = /bin/sh;
			shellScript = "diff \"${PODS_PODFILE_DIR_PATH}/Podfile.lock\" \"${PODS_ROOT}/Manifest.lock\" > /dev/null\nif [ $? != 0 ] ; then\n    # print error to STDERR\n    echo \"error: The sandbox is not in sync with the Podfile.lock. Run 'pod install' or update your CocoaPods installation.\" >&2\n    exit 1\nfi\n# This output is used by Xcode 'outputs' to avoid re-running this script phase.\necho \"SUCCESS\" > \"${SCRIPT_OUTPUT_FILE_0}\"\n";
			showEnvVarsInLog = 0;
		};
		CCC418636297444580C28663 /* [CP] Check Pods Manifest.lock */ = {
			isa = PBXShellScriptBuildPhase;
			buildActionMask = 2147483647;
			files = (
			);
			inputPaths = (
				"${PODS_PODFILE_DIR_PATH}/Podfile.lock",
				"${PODS_ROOT}/Manifest.lock",
			);
			name = "[CP] Check Pods Manifest.lock";
			outputPaths = (
				"$(DERIVED_FILE_DIR)/Pods-STUDITests-checkManifestLockResult.txt",
			);
			runOnlyForDeploymentPostprocessing = 0;
			shellPath = /bin/sh;
			shellScript = "diff \"${PODS_PODFILE_DIR_PATH}/Podfile.lock\" \"${PODS_ROOT}/Manifest.lock\" > /dev/null\nif [ $? != 0 ] ; then\n    # print error to STDERR\n    echo \"error: The sandbox is not in sync with the Podfile.lock. Run 'pod install' or update your CocoaPods installation.\" >&2\n    exit 1\nfi\n# This output is used by Xcode 'outputs' to avoid re-running this script phase.\necho \"SUCCESS\" > \"${SCRIPT_OUTPUT_FILE_0}\"\n";
			showEnvVarsInLog = 0;
		};
/* End PBXShellScriptBuildPhase section */

/* Begin PBXSourcesBuildPhase section */
		FD5C9AFA236A7CEE00B6F77B /* Sources */ = {
			isa = PBXSourcesBuildPhase;
			buildActionMask = 2147483647;
			files = (
				FDDCD31A2371655800C2F669 /* MoreHelpViewController.swift in Sources */,
				FD875B9E236F28C800103AA6 /* BeginViewController.swift in Sources */,
				B018601A23727E0C00911C58 /* answerspostViewController.swift in Sources */,
				FDE21325236D3A9F005B3B92 /* HelpViewController.swift in Sources */,
				FDE2131F236D3A1A005B3B92 /* ForumViewController.swift in Sources */,
				FD5C9B06236A7CEE00B6F77B /* SignUpViewController.swift in Sources */,
				B0F9A60D237171C300241DAE /* AnswerViewController.swift in Sources */,
				B018601823727AC600911C58 /* usernamechangeViewController.swift in Sources */,
				B018601E2372C1DA00911C58 /* ProfileViewController.swift in Sources */,
				FDE21323236D3A74005B3B92 /* NotificationsViewController.swift in Sources */,
				FDE268E5237022D000D36EB0 /* HelpTableViewCell.swift in Sources */,
				FD5C9B02236A7CEE00B6F77B /* AppDelegate.swift in Sources */,
				B0F9A60323715BA500241DAE /* PostViewController.swift in Sources */,
				B01ECFAC23713E6E00E81803 /* ForumTableViewCell.swift in Sources */,
				B01860202372C28200911C58 /* sturct.swift in Sources */,
				FD875BA2236F296300103AA6 /* LoginViewController.swift in Sources */,
				FD7A07B0236F3C6100E5E778 /* Utilities.swift in Sources */,
				FD5C9B04236A7CEE00B6F77B /* SceneDelegate.swift in Sources */,
				FD0AA3E123706FDF00776293 /* PostSegueViewController.swift in Sources */,
			);
			runOnlyForDeploymentPostprocessing = 0;
		};
		FD5C9B10236A7CF300B6F77B /* Sources */ = {
			isa = PBXSourcesBuildPhase;
			buildActionMask = 2147483647;
			files = (
				FD5C9B19236A7CF300B6F77B /* STUDITests.swift in Sources */,
			);
			runOnlyForDeploymentPostprocessing = 0;
		};
		FD5C9B1B236A7CF300B6F77B /* Sources */ = {
			isa = PBXSourcesBuildPhase;
			buildActionMask = 2147483647;
			files = (
				FD5C9B24236A7CF300B6F77B /* STUDIUITests.swift in Sources */,
			);
			runOnlyForDeploymentPostprocessing = 0;
		};
/* End PBXSourcesBuildPhase section */

/* Begin PBXTargetDependency section */
		FD5C9B16236A7CF300B6F77B /* PBXTargetDependency */ = {
			isa = PBXTargetDependency;
			target = FD5C9AFD236A7CEE00B6F77B /* STUDI */;
			targetProxy = FD5C9B15236A7CF300B6F77B /* PBXContainerItemProxy */;
		};
		FD5C9B21236A7CF300B6F77B /* PBXTargetDependency */ = {
			isa = PBXTargetDependency;
			target = FD5C9AFD236A7CEE00B6F77B /* STUDI */;
			targetProxy = FD5C9B20236A7CF300B6F77B /* PBXContainerItemProxy */;
		};
/* End PBXTargetDependency section */

/* Begin PBXVariantGroup section */
		FD5C9B07236A7CEE00B6F77B /* Main.storyboard */ = {
			isa = PBXVariantGroup;
			children = (
				FD5C9B08236A7CEE00B6F77B /* Base */,
			);
			name = Main.storyboard;
			sourceTree = "<group>";
		};
		FD5C9B0C236A7CF300B6F77B /* LaunchScreen.storyboard */ = {
			isa = PBXVariantGroup;
			children = (
				FD5C9B0D236A7CF300B6F77B /* Base */,
			);
			name = LaunchScreen.storyboard;
			sourceTree = "<group>";
		};
/* End PBXVariantGroup section */

/* Begin XCBuildConfiguration section */
		FD5C9B26236A7CF300B6F77B /* Debug */ = {
			isa = XCBuildConfiguration;
			buildSettings = {
				ALWAYS_SEARCH_USER_PATHS = NO;
				CLANG_ANALYZER_NONNULL = YES;
				CLANG_ANALYZER_NUMBER_OBJECT_CONVERSION = YES_AGGRESSIVE;
				CLANG_CXX_LANGUAGE_STANDARD = "gnu++14";
				CLANG_CXX_LIBRARY = "libc++";
				CLANG_ENABLE_MODULES = YES;
				CLANG_ENABLE_OBJC_ARC = YES;
				CLANG_ENABLE_OBJC_WEAK = YES;
				CLANG_WARN_BLOCK_CAPTURE_AUTORELEASING = YES;
				CLANG_WARN_BOOL_CONVERSION = YES;
				CLANG_WARN_COMMA = YES;
				CLANG_WARN_CONSTANT_CONVERSION = YES;
				CLANG_WARN_DEPRECATED_OBJC_IMPLEMENTATIONS = YES;
				CLANG_WARN_DIRECT_OBJC_ISA_USAGE = YES_ERROR;
				CLANG_WARN_DOCUMENTATION_COMMENTS = YES;
				CLANG_WARN_EMPTY_BODY = YES;
				CLANG_WARN_ENUM_CONVERSION = YES;
				CLANG_WARN_INFINITE_RECURSION = YES;
				CLANG_WARN_INT_CONVERSION = YES;
				CLANG_WARN_NON_LITERAL_NULL_CONVERSION = YES;
				CLANG_WARN_OBJC_IMPLICIT_RETAIN_SELF = YES;
				CLANG_WARN_OBJC_LITERAL_CONVERSION = YES;
				CLANG_WARN_OBJC_ROOT_CLASS = YES_ERROR;
				CLANG_WARN_RANGE_LOOP_ANALYSIS = YES;
				CLANG_WARN_STRICT_PROTOTYPES = YES;
				CLANG_WARN_SUSPICIOUS_MOVE = YES;
				CLANG_WARN_UNGUARDED_AVAILABILITY = YES_AGGRESSIVE;
				CLANG_WARN_UNREACHABLE_CODE = YES;
				CLANG_WARN__DUPLICATE_METHOD_MATCH = YES;
				COPY_PHASE_STRIP = NO;
				DEBUG_INFORMATION_FORMAT = dwarf;
				ENABLE_STRICT_OBJC_MSGSEND = YES;
				ENABLE_TESTABILITY = YES;
				GCC_C_LANGUAGE_STANDARD = gnu11;
				GCC_DYNAMIC_NO_PIC = NO;
				GCC_NO_COMMON_BLOCKS = YES;
				GCC_OPTIMIZATION_LEVEL = 0;
				GCC_PREPROCESSOR_DEFINITIONS = (
					"DEBUG=1",
					"$(inherited)",
				);
				GCC_WARN_64_TO_32_BIT_CONVERSION = YES;
				GCC_WARN_ABOUT_RETURN_TYPE = YES_ERROR;
				GCC_WARN_UNDECLARED_SELECTOR = YES;
				GCC_WARN_UNINITIALIZED_AUTOS = YES_AGGRESSIVE;
				GCC_WARN_UNUSED_FUNCTION = YES;
				GCC_WARN_UNUSED_VARIABLE = YES;
				IPHONEOS_DEPLOYMENT_TARGET = 13.1;
				MTL_ENABLE_DEBUG_INFO = INCLUDE_SOURCE;
				MTL_FAST_MATH = YES;
				ONLY_ACTIVE_ARCH = YES;
				SDKROOT = iphoneos;
				SWIFT_ACTIVE_COMPILATION_CONDITIONS = DEBUG;
				SWIFT_OPTIMIZATION_LEVEL = "-Onone";
			};
			name = Debug;
		};
		FD5C9B27236A7CF300B6F77B /* Release */ = {
			isa = XCBuildConfiguration;
			buildSettings = {
				ALWAYS_SEARCH_USER_PATHS = NO;
				CLANG_ANALYZER_NONNULL = YES;
				CLANG_ANALYZER_NUMBER_OBJECT_CONVERSION = YES_AGGRESSIVE;
				CLANG_CXX_LANGUAGE_STANDARD = "gnu++14";
				CLANG_CXX_LIBRARY = "libc++";
				CLANG_ENABLE_MODULES = YES;
				CLANG_ENABLE_OBJC_ARC = YES;
				CLANG_ENABLE_OBJC_WEAK = YES;
				CLANG_WARN_BLOCK_CAPTURE_AUTORELEASING = YES;
				CLANG_WARN_BOOL_CONVERSION = YES;
				CLANG_WARN_COMMA = YES;
				CLANG_WARN_CONSTANT_CONVERSION = YES;
				CLANG_WARN_DEPRECATED_OBJC_IMPLEMENTATIONS = YES;
				CLANG_WARN_DIRECT_OBJC_ISA_USAGE = YES_ERROR;
				CLANG_WARN_DOCUMENTATION_COMMENTS = YES;
				CLANG_WARN_EMPTY_BODY = YES;
				CLANG_WARN_ENUM_CONVERSION = YES;
				CLANG_WARN_INFINITE_RECURSION = YES;
				CLANG_WARN_INT_CONVERSION = YES;
				CLANG_WARN_NON_LITERAL_NULL_CONVERSION = YES;
				CLANG_WARN_OBJC_IMPLICIT_RETAIN_SELF = YES;
				CLANG_WARN_OBJC_LITERAL_CONVERSION = YES;
				CLANG_WARN_OBJC_ROOT_CLASS = YES_ERROR;
				CLANG_WARN_RANGE_LOOP_ANALYSIS = YES;
				CLANG_WARN_STRICT_PROTOTYPES = YES;
				CLANG_WARN_SUSPICIOUS_MOVE = YES;
				CLANG_WARN_UNGUARDED_AVAILABILITY = YES_AGGRESSIVE;
				CLANG_WARN_UNREACHABLE_CODE = YES;
				CLANG_WARN__DUPLICATE_METHOD_MATCH = YES;
				COPY_PHASE_STRIP = NO;
				DEBUG_INFORMATION_FORMAT = "dwarf-with-dsym";
				ENABLE_NS_ASSERTIONS = NO;
				ENABLE_STRICT_OBJC_MSGSEND = YES;
				GCC_C_LANGUAGE_STANDARD = gnu11;
				GCC_NO_COMMON_BLOCKS = YES;
				GCC_WARN_64_TO_32_BIT_CONVERSION = YES;
				GCC_WARN_ABOUT_RETURN_TYPE = YES_ERROR;
				GCC_WARN_UNDECLARED_SELECTOR = YES;
				GCC_WARN_UNINITIALIZED_AUTOS = YES_AGGRESSIVE;
				GCC_WARN_UNUSED_FUNCTION = YES;
				GCC_WARN_UNUSED_VARIABLE = YES;
				IPHONEOS_DEPLOYMENT_TARGET = 13.1;
				MTL_ENABLE_DEBUG_INFO = NO;
				MTL_FAST_MATH = YES;
				SDKROOT = iphoneos;
				SWIFT_COMPILATION_MODE = wholemodule;
				SWIFT_OPTIMIZATION_LEVEL = "-O";
				VALIDATE_PRODUCT = YES;
			};
			name = Release;
		};
		FD5C9B29236A7CF300B6F77B /* Debug */ = {
			isa = XCBuildConfiguration;
			baseConfigurationReference = 22DBB29192831040A29EAF48 /* Pods-STUDI.debug.xcconfig */;
			buildSettings = {
				ASSETCATALOG_COMPILER_APPICON_NAME = AppIcon;
				CODE_SIGN_STYLE = Automatic;
				INFOPLIST_FILE = STUDI/Info.plist;
				LD_RUNPATH_SEARCH_PATHS = (
					"$(inherited)",
					"@executable_path/Frameworks",
				);
				PRODUCT_BUNDLE_IDENTIFIER = sg.tk.STUDI;
				PRODUCT_NAME = "$(TARGET_NAME)";
				SWIFT_VERSION = 5.0;
				TARGETED_DEVICE_FAMILY = "1,2";
			};
			name = Debug;
		};
		FD5C9B2A236A7CF300B6F77B /* Release */ = {
			isa = XCBuildConfiguration;
			baseConfigurationReference = 60BF674CB912FDA577EC7969 /* Pods-STUDI.release.xcconfig */;
			buildSettings = {
				ASSETCATALOG_COMPILER_APPICON_NAME = AppIcon;
				CODE_SIGN_STYLE = Automatic;
				INFOPLIST_FILE = STUDI/Info.plist;
				LD_RUNPATH_SEARCH_PATHS = (
					"$(inherited)",
					"@executable_path/Frameworks",
				);
				PRODUCT_BUNDLE_IDENTIFIER = sg.tk.STUDI;
				PRODUCT_NAME = "$(TARGET_NAME)";
				SWIFT_VERSION = 5.0;
				TARGETED_DEVICE_FAMILY = "1,2";
			};
			name = Release;
		};
		FD5C9B2C236A7CF300B6F77B /* Debug */ = {
			isa = XCBuildConfiguration;
			baseConfigurationReference = 69EF30184848C9FDDEBFDE46 /* Pods-STUDITests.debug.xcconfig */;
			buildSettings = {
				ALWAYS_EMBED_SWIFT_STANDARD_LIBRARIES = YES;
				BUNDLE_LOADER = "$(TEST_HOST)";
				CODE_SIGN_STYLE = Automatic;
				INFOPLIST_FILE = STUDITests/Info.plist;
				IPHONEOS_DEPLOYMENT_TARGET = 13.1;
				LD_RUNPATH_SEARCH_PATHS = (
					"$(inherited)",
					"@executable_path/Frameworks",
					"@loader_path/Frameworks",
				);
				PRODUCT_BUNDLE_IDENTIFIER = Apple.STUDITests;
				PRODUCT_NAME = "$(TARGET_NAME)";
				SWIFT_VERSION = 5.0;
				TARGETED_DEVICE_FAMILY = "1,2";
				TEST_HOST = "$(BUILT_PRODUCTS_DIR)/STUDI.app/STUDI";
			};
			name = Debug;
		};
		FD5C9B2D236A7CF300B6F77B /* Release */ = {
			isa = XCBuildConfiguration;
			baseConfigurationReference = 4BD6AD7840FF44773A963C76 /* Pods-STUDITests.release.xcconfig */;
			buildSettings = {
				ALWAYS_EMBED_SWIFT_STANDARD_LIBRARIES = YES;
				BUNDLE_LOADER = "$(TEST_HOST)";
				CODE_SIGN_STYLE = Automatic;
				INFOPLIST_FILE = STUDITests/Info.plist;
				IPHONEOS_DEPLOYMENT_TARGET = 13.1;
				LD_RUNPATH_SEARCH_PATHS = (
					"$(inherited)",
					"@executable_path/Frameworks",
					"@loader_path/Frameworks",
				);
				PRODUCT_BUNDLE_IDENTIFIER = Apple.STUDITests;
				PRODUCT_NAME = "$(TARGET_NAME)";
				SWIFT_VERSION = 5.0;
				TARGETED_DEVICE_FAMILY = "1,2";
				TEST_HOST = "$(BUILT_PRODUCTS_DIR)/STUDI.app/STUDI";
			};
			name = Release;
		};
		FD5C9B2F236A7CF300B6F77B /* Debug */ = {
			isa = XCBuildConfiguration;
			baseConfigurationReference = 902AB313A48A6886DD7273D8 /* Pods-STUDIUITests.debug.xcconfig */;
			buildSettings = {
				ALWAYS_EMBED_SWIFT_STANDARD_LIBRARIES = YES;
				CODE_SIGN_STYLE = Automatic;
				INFOPLIST_FILE = STUDIUITests/Info.plist;
				LD_RUNPATH_SEARCH_PATHS = (
					"$(inherited)",
					"@executable_path/Frameworks",
					"@loader_path/Frameworks",
				);
				PRODUCT_BUNDLE_IDENTIFIER = Apple.STUDIUITests;
				PRODUCT_NAME = "$(TARGET_NAME)";
				SWIFT_VERSION = 5.0;
				TARGETED_DEVICE_FAMILY = "1,2";
				TEST_TARGET_NAME = STUDI;
			};
			name = Debug;
		};
		FD5C9B30236A7CF300B6F77B /* Release */ = {
			isa = XCBuildConfiguration;
			baseConfigurationReference = 28EE480129304CDC5ECC28EC /* Pods-STUDIUITests.release.xcconfig */;
			buildSettings = {
				ALWAYS_EMBED_SWIFT_STANDARD_LIBRARIES = YES;
				CODE_SIGN_STYLE = Automatic;
				INFOPLIST_FILE = STUDIUITests/Info.plist;
				LD_RUNPATH_SEARCH_PATHS = (
					"$(inherited)",
					"@executable_path/Frameworks",
					"@loader_path/Frameworks",
				);
				PRODUCT_BUNDLE_IDENTIFIER = Apple.STUDIUITests;
				PRODUCT_NAME = "$(TARGET_NAME)";
				SWIFT_VERSION = 5.0;
				TARGETED_DEVICE_FAMILY = "1,2";
				TEST_TARGET_NAME = STUDI;
			};
			name = Release;
		};
/* End XCBuildConfiguration section */

/* Begin XCConfigurationList section */
		FD5C9AF9236A7CEE00B6F77B /* Build configuration list for PBXProject "STUDI" */ = {
			isa = XCConfigurationList;
			buildConfigurations = (
				FD5C9B26236A7CF300B6F77B /* Debug */,
				FD5C9B27236A7CF300B6F77B /* Release */,
			);
			defaultConfigurationIsVisible = 0;
			defaultConfigurationName = Release;
		};
		FD5C9B28236A7CF300B6F77B /* Build configuration list for PBXNativeTarget "STUDI" */ = {
			isa = XCConfigurationList;
			buildConfigurations = (
				FD5C9B29236A7CF300B6F77B /* Debug */,
				FD5C9B2A236A7CF300B6F77B /* Release */,
			);
			defaultConfigurationIsVisible = 0;
			defaultConfigurationName = Release;
		};
		FD5C9B2B236A7CF300B6F77B /* Build configuration list for PBXNativeTarget "STUDITests" */ = {
			isa = XCConfigurationList;
			buildConfigurations = (
				FD5C9B2C236A7CF300B6F77B /* Debug */,
				FD5C9B2D236A7CF300B6F77B /* Release */,
			);
			defaultConfigurationIsVisible = 0;
			defaultConfigurationName = Release;
		};
		FD5C9B2E236A7CF300B6F77B /* Build configuration list for PBXNativeTarget "STUDIUITests" */ = {
			isa = XCConfigurationList;
			buildConfigurations = (
				FD5C9B2F236A7CF300B6F77B /* Debug */,
				FD5C9B30236A7CF300B6F77B /* Release */,
			);
			defaultConfigurationIsVisible = 0;
			defaultConfigurationName = Release;
		};
/* End XCConfigurationList section */
	};
	rootObject = FD5C9AF6236A7CEE00B6F77B /* Project object */;
}
